<?xml version="1.0" encoding="utf-8"?>
<Project ToolsVersion="4.0" xmlns="http://schemas.microsoft.com/developer/msbuild/2003">
  <ItemGroup>
    <Filter Include="Source Files">
      <UniqueIdentifier>{4FC737F1-C7A5-4376-A066-2A32D752A2FF}</UniqueIdentifier>
      <Extensions>cpp;c;cc;cxx;def;odl;idl;hpj;bat;asm;asmx</Extensions>
    </Filter>
    <Filter Include="Header Files">
      <UniqueIdentifier>{93995380-89BD-4b04-88EB-625FBE52EBFB}</UniqueIdentifier>
      <Extensions>h;hh;hpp;hxx;hm;inl;inc;ipp;xsd</Extensions>
    </Filter>
    <Filter Include="Resource Files">
      <UniqueIdentifier>{67DA6AB6-F800-4c08-8B7A-83BB121AAD01}</UniqueIdentifier>
      <Extensions>rc;ico;cur;bmp;dlg;rc2;rct;bin;rgs;gif;jpg;jpeg;jpe;resx;tiff;tif;png;wav;mfcribbon-ms</Extensions>
    </Filter>
    <Filter Include="Header Files\Drawables">
      <UniqueIdentifier>{d91c0dd1-1f62-40f7-8a21-afdb9e779ee5}</UniqueIdentifier>
    </Filter>
    <Filter Include="Source Files\Drawables">
      <UniqueIdentifier>{c3e276f4-d10d-44c4-8723-569a4744f838}</UniqueIdentifier>
    </Filter>
    <Filter Include="Source Files\ViewMethods">
      <UniqueIdentifier>{3840aae8-c35f-4eef-bfe8-9a9581610514}</UniqueIdentifier>
    </Filter>
    <Filter Include="Header Files\Dialogs">
      <UniqueIdentifier>{ad357293-e5fc-45c5-8498-3982bf168070}</UniqueIdentifier>
    </Filter>
    <Filter Include="Source Files\Dialogs">
      <UniqueIdentifier>{a3190d06-4e25-4b75-9566-9320991e9bfb}</UniqueIdentifier>
    </Filter>
    <Filter Include="Header Files\Controls">
      <UniqueIdentifier>{c7b5c892-1419-4e23-a742-94aedeec5b01}</UniqueIdentifier>
    </Filter>
    <Filter Include="Source Files\Controls">
      <UniqueIdentifier>{fe10fcec-6509-4fe1-9f1c-0605bd9036f7}</UniqueIdentifier>
    </Filter>
  </ItemGroup>
  <ItemGroup>
    <ClInclude Include="Vocker.h">
      <Filter>Header Files</Filter>
    </ClInclude>
    <ClInclude Include="stdafx.h">
      <Filter>Header Files</Filter>
    </ClInclude>
    <ClInclude Include="targetver.h">
      <Filter>Header Files</Filter>
    </ClInclude>
    <ClInclude Include="MainFrm.h">
      <Filter>Header Files</Filter>
    </ClInclude>
    <ClInclude Include="VockerDoc.h">
      <Filter>Header Files</Filter>
    </ClInclude>
    <ClInclude Include="VockerView.h">
      <Filter>Header Files</Filter>
    </ClInclude>
    <ClInclude Include="Resource.h">
      <Filter>Header Files</Filter>
    </ClInclude>
    <ClInclude Include="PropertiesWnd.h">
      <Filter>Header Files</Filter>
    </ClInclude>
    <ClInclude Include="PaintTool.h">
      <Filter>Header Files</Filter>
    </ClInclude>
    <ClInclude Include="RDrawable.h">
      <Filter>Header Files\Drawables</Filter>
    </ClInclude>
    <ClInclude Include="REllipse.h">
      <Filter>Header Files\Drawables</Filter>
    </ClInclude>
    <ClInclude Include="RLine.h">
      <Filter>Header Files\Drawables</Filter>
    </ClInclude>
    <ClInclude Include="RRectangle.h">
      <Filter>Header Files\Drawables</Filter>
    </ClInclude>
    <ClInclude Include="RShape.h">
      <Filter>Header Files\Drawables</Filter>
    </ClInclude>
    <ClInclude Include="RTriangle.h">
      <Filter>Header Files\Drawables</Filter>
    </ClInclude>
    <ClInclude Include="DoublePoint.h">
      <Filter>Header Files</Filter>
    </ClInclude>
    <ClInclude Include="Utilities.h">
      <Filter>Header Files</Filter>
    </ClInclude>
    <ClInclude Include="Marker.h">
      <Filter>Header Files</Filter>
    </ClInclude>
    <ClInclude Include="GeometryLine.h">
      <Filter>Header Files</Filter>
    </ClInclude>
    <ClInclude Include="BrushPickerDialog.h">
      <Filter>Header Files\Dialogs</Filter>
    </ClInclude>
    <ClInclude Include="PenPickerDialog.h">
      <Filter>Header Files\Dialogs</Filter>
    </ClInclude>
    <ClInclude Include="DrawableProperty.h">
      <Filter>Header Files</Filter>
    </ClInclude>
    <ClInclude Include="PropertyListDialog.h">
      <Filter>Header Files\Dialogs</Filter>
    </ClInclude>
    <ClInclude Include="EditableListCtrl.h">
      <Filter>Header Files\Controls</Filter>
    </ClInclude>
    <ClInclude Include="InPlaceCombo.h">
      <Filter>Header Files\Controls</Filter>
    </ClInclude>
    <ClInclude Include="InPlaceEdit.h">
      <Filter>Header Files\Controls</Filter>
    </ClInclude>
  </ItemGroup>
  <ItemGroup>
    <ClCompile Include="Vocker.cpp">
      <Filter>Source Files</Filter>
    </ClCompile>
    <ClCompile Include="stdafx.cpp">
      <Filter>Source Files</Filter>
    </ClCompile>
    <ClCompile Include="MainFrm.cpp">
      <Filter>Source Files</Filter>
    </ClCompile>
    <ClCompile Include="VockerDoc.cpp">
      <Filter>Source Files</Filter>
    </ClCompile>
    <ClCompile Include="VockerView.cpp">
      <Filter>Source Files</Filter>
    </ClCompile>
    <ClCompile Include="PropertiesWnd.cpp">
      <Filter>Source Files</Filter>
    </ClCompile>
    <ClCompile Include="RDrawable.cpp">
      <Filter>Source Files\Drawables</Filter>
    </ClCompile>
    <ClCompile Include="REllipse.cpp">
      <Filter>Source Files\Drawables</Filter>
    </ClCompile>
    <ClCompile Include="RLine.cpp">
      <Filter>Source Files\Drawables</Filter>
    </ClCompile>
    <ClCompile Include="RRectangle.cpp">
      <Filter>Source Files\Drawables</Filter>
    </ClCompile>
    <ClCompile Include="RShape.cpp">
      <Filter>Source Files\Drawables</Filter>
    </ClCompile>
    <ClCompile Include="DoublePoint.cpp">
      <Filter>Source Files</Filter>
    </ClCompile>
    <ClCompile Include="Utilities.cpp">
      <Filter>Source Files</Filter>
    </ClCompile>
    <ClCompile Include="ViewDrawMethods.cpp">
      <Filter>Source Files\ViewMethods</Filter>
    </ClCompile>
    <ClCompile Include="ViewMouseMethods.cpp">
      <Filter>Source Files\ViewMethods</Filter>
    </ClCompile>
    <ClCompile Include="Marker.cpp">
      <Filter>Source Files</Filter>
    </ClCompile>
    <ClCompile Include="ViewContextMethods.cpp">
      <Filter>Source Files\ViewMethods</Filter>
    </ClCompile>
    <ClCompile Include="GeometryLine.cpp">
      <Filter>Source Files</Filter>
    </ClCompile>
    <ClCompile Include="BrushPickerDialog.cpp">
      <Filter>Source Files\Dialogs</Filter>
    </ClCompile>
    <ClCompile Include="PenPickerDialog.cpp">
      <Filter>Source Files\Dialogs</Filter>
    </ClCompile>
    <ClCompile Include="DrawableProperty.cpp">
      <Filter>Source Files</Filter>
    </ClCompile>
    <ClCompile Include="PropertyListDialog.cpp">
      <Filter>Source Files\Dialogs</Filter>
    </ClCompile>
    <ClCompile Include="RTriangle.cpp">
      <Filter>Source Files\Drawables</Filter>
    </ClCompile>
    <ClCompile Include="EditableListCtrl.cpp">
      <Filter>Source Files\Controls</Filter>
    </ClCompile>
    <ClCompile Include="InPlaceCombo.cpp">
      <Filter>Source Files\Controls</Filter>
    </ClCompile>
    <ClCompile Include="InPlaceEdit.cpp">
      <Filter>Source Files\Controls</Filter>
    </ClCompile>
  </ItemGroup>
  <ItemGroup>
    <None Include="Vocker.reg" />
    <None Include="res\Vocker.rc2">
      <Filter>Resource Files</Filter>
    </None>
  </ItemGroup>
  <ItemGroup>
    <ResourceCompile Include="Vocker.rc">
      <Filter>Resource Files</Filter>
    </ResourceCompile>
  </ItemGroup>
  <ItemGroup>
    <Image Include="res\properties_wnd.ico">
      <Filter>Resource Files</Filter>
    </Image>
    <Image Include="res\properties_wnd_hc.ico">
      <Filter>Resource Files</Filter>
    </Image>
    <Image Include="res\properties.bmp">
      <Filter>Resource Files</Filter>
    </Image>
    <Image Include="res\properties_hc.bmp">
      <Filter>Resource Files</Filter>
    </Image>
    <Image Include="res\userimages.bmp">
      <Filter>Resource Files</Filter>
    </Image>
    <Image Include="res\VockerDoc.ico">
      <Filter>Resource Files</Filter>
    </Image>
    <Image Include="res\Vocker.ico">
      <Filter>Resource Files</Filter>
    </Image>
    <Image Include="res\Toolbar.bmp">
      <Filter>Resource Files</Filter>
    </Image>
    <Image Include="res\DrawToolbar.bmp">
      <Filter>Resource Files</Filter>
    </Image>
  </ItemGroup>
</Project>